
Microsoft Visual Studio Solution File, Format Version 12.00
# Visual Studio Version 17
VisualStudioVersion = 17.13.35931.197 d17.13
MinimumVisualStudioVersion = 10.0.40219.1
Project("{FAE04EC0-301F-11D3-BF4B-00C04F79EFBC}") = "MauiAppMinhasCompras", "MauiAppMinhasCompras\MauiAppMinhasCompras.csproj", "{F575B1E2-394D-4AB4-AFD6-D15D678699EE}"
EndProject
Global
	GlobalSection(SolutionConfigurationPlatforms) = preSolution
		Debug|Any CPU = Debug|Any CPU
		Release|Any CPU = Release|Any CPU
	EndGlobalSection
	GlobalSection(ProjectConfigurationPlatforms) = postSolution
		{F575B1E2-394D-4AB4-AFD6-D15D678699EE}.Debug|Any CPU.ActiveCfg = Debug|Any CPU
		{F575B1E2-394D-4AB4-AFD6-D15D678699EE}.Debug|Any CPU.Build.0 = Debug|Any CPU
		{F575B1E2-394D-4AB4-AFD6-D15D678699EE}.Debug|Any CPU.Deploy.0 = Debug|Any CPU
		{F575B1E2-394D-4AB4-AFD6-D15D678699EE}.Release|Any CPU.ActiveCfg = Release|Any CPU
		{F575B1E2-394D-4AB4-AFD6-D15D678699EE}.Release|Any CPU.Build.0 = Release|Any CPU
		{F575B1E2-394D-4AB4-AFD6-D15D678699EE}.Release|Any CPU.Deploy.0 = Release|Any CPU
	EndGlobalSection
	GlobalSection(SolutionProperties) = preSolution
		HideSolutionNode = FALSE
	EndGlobalSection
	GlobalSection(ExtensibilityGlobals) = postSolution
		SolutionGuid = {A3338F21-0FBD-4280-92AA-744FFEE33BC6}
	EndGlobalSection
EndGlobal
